// !$*UTF8*$!
{
	archiveVersion = 1;
	classes = {
	};
	objectVersion = 50;
	objects = {

/* Begin PBXBuildFile section */
		5BA0893724743FDC00B08BD8 /* QR.c in Sources */ = {isa = PBXBuildFile; fileRef = 5BA0893624743FDC00B08BD8 /* QR.c */; };
		5BA0893A2474403500B08BD8 /* MatrOperations.c in Sources */ = {isa = PBXBuildFile; fileRef = 5BA089392474403500B08BD8 /* MatrOperations.c */; };
		5BA0893D2474413B00B08BD8 /* LUP.c in Sources */ = {isa = PBXBuildFile; fileRef = 5BA0893C2474413B00B08BD8 /* LUP.c */; };
		5BA08940247441A300B08BD8 /* VectOperations.c in Sources */ = {isa = PBXBuildFile; fileRef = 5BA0893F247441A300B08BD8 /* VectOperations.c */; };
		5BA089432474675A00B08BD8 /* Jacobi_Seidel.c in Sources */ = {isa = PBXBuildFile; fileRef = 5BA089422474675A00B08BD8 /* Jacobi_Seidel.c */; };
		FDC5FAAF2445B95D000FEBD7 /* main.c in Sources */ = {isa = PBXBuildFile; fileRef = FDC5FAAE2445B95D000FEBD7 /* main.c */; };
/* End PBXBuildFile section */

/* Begin PBXCopyFilesBuildPhase section */
		FDC5FAA92445B95D000FEBD7 /* CopyFiles */ = {
			isa = PBXCopyFilesBuildPhase;
			buildActionMask = 2147483647;
			dstPath = /usr/share/man/man1/;
			dstSubfolderSpec = 0;
			files = (
			);
			runOnlyForDeploymentPostprocessing = 1;
		};
/* End PBXCopyFilesBuildPhase section */

/* Begin PBXFileReference section */
		5BA0893524743FDC00B08BD8 /* QR.h */ = {isa = PBXFileReference; lastKnownFileType = sourcecode.c.h; path = QR.h; sourceTree = "<group>"; };
		5BA0893624743FDC00B08BD8 /* QR.c */ = {isa = PBXFileReference; lastKnownFileType = sourcecode.c.c; path = QR.c; sourceTree = "<group>"; };
		5BA089382474403500B08BD8 /* MatrOperations.h */ = {isa = PBXFileReference; lastKnownFileType = sourcecode.c.h; path = MatrOperations.h; sourceTree = "<group>"; };
		5BA089392474403500B08BD8 /* MatrOperations.c */ = {isa = PBXFileReference; lastKnownFileType = sourcecode.c.c; path = MatrOperations.c; sourceTree = "<group>"; };
		5BA0893B2474413B00B08BD8 /* LUP.h */ = {isa = PBXFileReference; lastKnownFileType = sourcecode.c.h; path = LUP.h; sourceTree = "<group>"; };
		5BA0893C2474413B00B08BD8 /* LUP.c */ = {isa = PBXFileReference; lastKnownFileType = sourcecode.c.c; path = LUP.c; sourceTree = "<group>"; };
		5BA0893E247441A300B08BD8 /* VectOperations.h */ = {isa = PBXFileReference; lastKnownFileType = sourcecode.c.h; path = VectOperations.h; sourceTree = "<group>"; };
		5BA0893F247441A300B08BD8 /* VectOperations.c */ = {isa = PBXFileReference; lastKnownFileType = sourcecode.c.c; path = VectOperations.c; sourceTree = "<group>"; };
		5BA089412474675A00B08BD8 /* Jacobi_Seidel.h */ = {isa = PBXFileReference; lastKnownFileType = sourcecode.c.h; path = Jacobi_Seidel.h; sourceTree = "<group>"; };
		5BA089422474675A00B08BD8 /* Jacobi_Seidel.c */ = {isa = PBXFileReference; lastKnownFileType = sourcecode.c.c; path = Jacobi_Seidel.c; sourceTree = "<group>"; };
		FDC5FAAB2445B95D000FEBD7 /* LUP */ = {isa = PBXFileReference; explicitFileType = "compiled.mach-o.executable"; includeInIndex = 0; path = LUP; sourceTree = BUILT_PRODUCTS_DIR; };
		FDC5FAAE2445B95D000FEBD7 /* main.c */ = {isa = PBXFileReference; lastKnownFileType = sourcecode.c.c; path = main.c; sourceTree = "<group>"; };
/* End PBXFileReference section */

/* Begin PBXFrameworksBuildPhase section */
		FDC5FAA82445B95D000FEBD7 /* Frameworks */ = {
			isa = PBXFrameworksBuildPhase;
			buildActionMask = 2147483647;
			files = (
			);
			runOnlyForDeploymentPostprocessing = 0;
		};
/* End PBXFrameworksBuildPhase section */

/* Begin PBXGroup section */
		5BE1699224751E5700A5711F /* QR */ = {
			isa = PBXGroup;
			children = (
				5BA0893524743FDC00B08BD8 /* QR.h */,
				5BA0893624743FDC00B08BD8 /* QR.c */,
			);
			path = QR;
			sourceTree = "<group>";
		};
		5BE1699324751E6800A5711F /* LUP */ = {
			isa = PBXGroup;
			children = (
				5BA0893B2474413B00B08BD8 /* LUP.h */,
				5BA0893C2474413B00B08BD8 /* LUP.c */,
			);
			path = LUP;
			sourceTree = "<group>";
		};
		5BE1699424751E7500A5711F /* MatrOperations */ = {
			isa = PBXGroup;
			children = (
				5BA089382474403500B08BD8 /* MatrOperations.h */,
				5BA089392474403500B08BD8 /* MatrOperations.c */,
			);
			path = MatrOperations;
			sourceTree = "<group>";
		};
		5BE1699524751E9300A5711F /* VectOperations */ = {
			isa = PBXGroup;
			children = (
				5BA0893E247441A300B08BD8 /* VectOperations.h */,
				5BA0893F247441A300B08BD8 /* VectOperations.c */,
			);
			path = VectOperations;
			sourceTree = "<group>";
		};
		5BE1699624751EAA00A5711F /* Jacobi_Seidel */ = {
			isa = PBXGroup;
			children = (
				5BA089412474675A00B08BD8 /* Jacobi_Seidel.h */,
				5BA089422474675A00B08BD8 /* Jacobi_Seidel.c */,
			);
			path = Jacobi_Seidel;
			sourceTree = "<group>";
		};
		FDC5FAA22445B95C000FEBD7 = {
			isa = PBXGroup;
			children = (
				FDC5FAAD2445B95D000FEBD7 /* LUP */,
				FDC5FAAC2445B95D000FEBD7 /* Products */,
			);
			sourceTree = "<group>";
		};
		FDC5FAAC2445B95D000FEBD7 /* Products */ = {
			isa = PBXGroup;
			children = (
				FDC5FAAB2445B95D000FEBD7 /* LUP */,
			);
			name = Products;
			sourceTree = "<group>";
		};
		FDC5FAAD2445B95D000FEBD7 /* LUP */ = {
			isa = PBXGroup;
			children = (
				5BE1699624751EAA00A5711F /* Jacobi_Seidel */,
				5BE1699524751E9300A5711F /* VectOperations */,
				5BE1699424751E7500A5711F /* MatrOperations */,
				5BE1699324751E6800A5711F /* LUP */,
				5BE1699224751E5700A5711F /* QR */,
				FDC5FAAE2445B95D000FEBD7 /* main.c */,
			);
			path = LUP;
			sourceTree = "<group>";
		};
/* End PBXGroup section */

/* Begin PBXNativeTarget section */
		FDC5FAAA2445B95D000FEBD7 /* LUP */ = {
			isa = PBXNativeTarget;
			buildConfigurationList = FDC5FAB22445B95D000FEBD7 /* Build configuration list for PBXNativeTarget "LUP" */;
			buildPhases = (
				FDC5FAA72445B95D000FEBD7 /* Sources */,
				FDC5FAA82445B95D000FEBD7 /* Frameworks */,
				FDC5FAA92445B95D000FEBD7 /* CopyFiles */,
			);
			buildRules = (
			);
			dependencies = (
			);
			name = LUP;
			productName = LUP;
			productReference = FDC5FAAB2445B95D000FEBD7 /* LUP */;
			productType = "com.apple.product-type.tool";
		};
/* End PBXNativeTarget section */

/* Begin PBXProject section */
		FDC5FAA32445B95C000FEBD7 /* Project object */ = {
			isa = PBXProject;
			attributes = {
				LastUpgradeCheck = 1140;
				ORGANIZATIONNAME = "Артем";
				TargetAttributes = {
					FDC5FAAA2445B95D000FEBD7 = {
						CreatedOnToolsVersion = 11.4;
					};
				};
			};
			buildConfigurationList = FDC5FAA62445B95D000FEBD7 /* Build configuration list for PBXProject "LUP" */;
			compatibilityVersion = "Xcode 9.3";
			developmentRegion = en;
			hasScannedForEncodings = 0;
			knownRegions = (
				en,
				Base,
			);
			mainGroup = FDC5FAA22445B95C000FEBD7;
			productRefGroup = FDC5FAAC2445B95D000FEBD7 /* Products */;
			projectDirPath = "";
			projectRoot = "";
			targets = (
				FDC5FAAA2445B95D000FEBD7 /* LUP */,
			);
		};
/* End PBXProject section */

/* Begin PBXSourcesBuildPhase section */
		FDC5FAA72445B95D000FEBD7 /* Sources */ = {
			isa = PBXSourcesBuildPhase;
			buildActionMask = 2147483647;
			files = (
				5BA0893724743FDC00B08BD8 /* QR.c in Sources */,
				5BA0893A2474403500B08BD8 /* MatrOperations.c in Sources */,
				5BA089432474675A00B08BD8 /* Jacobi_Seidel.c in Sources */,
				FDC5FAAF2445B95D000FEBD7 /* main.c in Sources */,
				5BA0893D2474413B00B08BD8 /* LUP.c in Sources */,
				5BA08940247441A300B08BD8 /* VectOperations.c in Sources */,
			);
			runOnlyForDeploymentPostprocessing = 0;
		};
/* End PBXSourcesBuildPhase section */

/* Begin XCBuildConfiguration section */
		FDC5FAB02445B95D000FEBD7 /* Debug */ = {
			isa = XCBuildConfiguration;
			buildSettings = {
				ALWAYS_SEARCH_USER_PATHS = NO;
				CLANG_ANALYZER_NONNULL = YES;
				CLANG_ANALYZER_NUMBER_OBJECT_CONVERSION = YES_AGGRESSIVE;
				CLANG_CXX_LANGUAGE_STANDARD = "gnu++14";
				CLANG_CXX_LIBRARY = "libc++";
				CLANG_ENABLE_MODULES = YES;
				CLANG_ENABLE_OBJC_ARC = YES;
				CLANG_ENABLE_OBJC_WEAK = YES;
				CLANG_WARN_BLOCK_CAPTURE_AUTORELEASING = YES;
				CLANG_WARN_BOOL_CONVERSION = YES;
				CLANG_WARN_COMMA = YES;
				CLANG_WARN_CONSTANT_CONVERSION = YES;
				CLANG_WARN_DEPRECATED_OBJC_IMPLEMENTATIONS = YES;
				CLANG_WARN_DIRECT_OBJC_ISA_USAGE = YES_ERROR;
				CLANG_WARN_DOCUMENTATION_COMMENTS = YES;
				CLANG_WARN_EMPTY_BODY = YES;
				CLANG_WARN_ENUM_CONVERSION = YES;
				CLANG_WARN_INFINITE_RECURSION = YES;
				CLANG_WARN_INT_CONVERSION = YES;
				CLANG_WARN_NON_LITERAL_NULL_CONVERSION = YES;
				CLANG_WARN_OBJC_IMPLICIT_RETAIN_SELF = YES;
				CLANG_WARN_OBJC_LITERAL_CONVERSION = YES;
				CLANG_WARN_OBJC_ROOT_CLASS = YES_ERROR;
				CLANG_WARN_RANGE_LOOP_ANALYSIS = YES;
				CLANG_WARN_STRICT_PROTOTYPES = YES;
				CLANG_WARN_SUSPICIOUS_MOVE = YES;
				CLANG_WARN_UNGUARDED_AVAILABILITY = YES_AGGRESSIVE;
				CLANG_WARN_UNREACHABLE_CODE = YES;
				CLANG_WARN__DUPLICATE_METHOD_MATCH = YES;
				COPY_PHASE_STRIP = NO;
				DEBUG_INFORMATION_FORMAT = dwarf;
				ENABLE_STRICT_OBJC_MSGSEND = YES;
				ENABLE_TESTABILITY = YES;
				GCC_C_LANGUAGE_STANDARD = gnu11;
				GCC_DYNAMIC_NO_PIC = NO;
				GCC_NO_COMMON_BLOCKS = YES;
				GCC_OPTIMIZATION_LEVEL = 0;
				GCC_PREPROCESSOR_DEFINITIONS = (
					"DEBUG=1",
					"$(inherited)",
				);
				GCC_WARN_64_TO_32_BIT_CONVERSION = YES;
				GCC_WARN_ABOUT_RETURN_TYPE = YES_ERROR;
				GCC_WARN_UNDECLARED_SELECTOR = YES;
				GCC_WARN_UNINITIALIZED_AUTOS = YES_AGGRESSIVE;
				GCC_WARN_UNUSED_FUNCTION = YES;
				GCC_WARN_UNUSED_VARIABLE = YES;
				MACOSX_DEPLOYMENT_TARGET = 10.15;
				MTL_ENABLE_DEBUG_INFO = INCLUDE_SOURCE;
				MTL_FAST_MATH = YES;
				ONLY_ACTIVE_ARCH = YES;
				SDKROOT = macosx;
			};
			name = Debug;
		};
		FDC5FAB12445B95D000FEBD7 /* Release */ = {
			isa = XCBuildConfiguration;
			buildSettings = {
				ALWAYS_SEARCH_USER_PATHS = NO;
				CLANG_ANALYZER_NONNULL = YES;
				CLANG_ANALYZER_NUMBER_OBJECT_CONVERSION = YES_AGGRESSIVE;
				CLANG_CXX_LANGUAGE_STANDARD = "gnu++14";
				CLANG_CXX_LIBRARY = "libc++";
				CLANG_ENABLE_MODULES = YES;
				CLANG_ENABLE_OBJC_ARC = YES;
				CLANG_ENABLE_OBJC_WEAK = YES;
				CLANG_WARN_BLOCK_CAPTURE_AUTORELEASING = YES;
				CLANG_WARN_BOOL_CONVERSION = YES;
				CLANG_WARN_COMMA = YES;
				CLANG_WARN_CONSTANT_CONVERSION = YES;
				CLANG_WARN_DEPRECATED_OBJC_IMPLEMENTATIONS = YES;
				CLANG_WARN_DIRECT_OBJC_ISA_USAGE = YES_ERROR;
				CLANG_WARN_DOCUMENTATION_COMMENTS = YES;
				CLANG_WARN_EMPTY_BODY = YES;
				CLANG_WARN_ENUM_CONVERSION = YES;
				CLANG_WARN_INFINITE_RECURSION = YES;
				CLANG_WARN_INT_CONVERSION = YES;
				CLANG_WARN_NON_LITERAL_NULL_CONVERSION = YES;
				CLANG_WARN_OBJC_IMPLICIT_RETAIN_SELF = YES;
				CLANG_WARN_OBJC_LITERAL_CONVERSION = YES;
				CLANG_WARN_OBJC_ROOT_CLASS = YES_ERROR;
				CLANG_WARN_RANGE_LOOP_ANALYSIS = YES;
				CLANG_WARN_STRICT_PROTOTYPES = YES;
				CLANG_WARN_SUSPICIOUS_MOVE = YES;
				CLANG_WARN_UNGUARDED_AVAILABILITY = YES_AGGRESSIVE;
				CLANG_WARN_UNREACHABLE_CODE = YES;
				CLANG_WARN__DUPLICATE_METHOD_MATCH = YES;
				COPY_PHASE_STRIP = NO;
				DEBUG_INFORMATION_FORMAT = "dwarf-with-dsym";
				ENABLE_NS_ASSERTIONS = NO;
				ENABLE_STRICT_OBJC_MSGSEND = YES;
				GCC_C_LANGUAGE_STANDARD = gnu11;
				GCC_NO_COMMON_BLOCKS = YES;
				GCC_WARN_64_TO_32_BIT_CONVERSION = YES;
				GCC_WARN_ABOUT_RETURN_TYPE = YES_ERROR;
				GCC_WARN_UNDECLARED_SELECTOR = YES;
				GCC_WARN_UNINITIALIZED_AUTOS = YES_AGGRESSIVE;
				GCC_WARN_UNUSED_FUNCTION = YES;
				GCC_WARN_UNUSED_VARIABLE = YES;
				MACOSX_DEPLOYMENT_TARGET = 10.15;
				MTL_ENABLE_DEBUG_INFO = NO;
				MTL_FAST_MATH = YES;
				SDKROOT = macosx;
			};
			name = Release;
		};
		FDC5FAB32445B95D000FEBD7 /* Debug */ = {
			isa = XCBuildConfiguration;
			buildSettings = {
				CODE_SIGN_STYLE = Automatic;
				DEVELOPMENT_TEAM = 6CB6UZS3BP;
				ENABLE_HARDENED_RUNTIME = YES;
				PRODUCT_NAME = "$(TARGET_NAME)";
			};
			name = Debug;
		};
		FDC5FAB42445B95D000FEBD7 /* Release */ = {
			isa = XCBuildConfiguration;
			buildSettings = {
				CODE_SIGN_STYLE = Automatic;
				DEVELOPMENT_TEAM = 6CB6UZS3BP;
				ENABLE_HARDENED_RUNTIME = YES;
				PRODUCT_NAME = "$(TARGET_NAME)";
			};
			name = Release;
		};
/* End XCBuildConfiguration section */

/* Begin XCConfigurationList section */
		FDC5FAA62445B95D000FEBD7 /* Build configuration list for PBXProject "LUP" */ = {
			isa = XCConfigurationList;
			buildConfigurations = (
				FDC5FAB02445B95D000FEBD7 /* Debug */,
				FDC5FAB12445B95D000FEBD7 /* Release */,
			);
			defaultConfigurationIsVisible = 0;
			defaultConfigurationName = Release;
		};
		FDC5FAB22445B95D000FEBD7 /* Build configuration list for PBXNativeTarget "LUP" */ = {
			isa = XCConfigurationList;
			buildConfigurations = (
				FDC5FAB32445B95D000FEBD7 /* Debug */,
				FDC5FAB42445B95D000FEBD7 /* Release */,
			);
			defaultConfigurationIsVisible = 0;
			defaultConfigurationName = Release;
		};
/* End XCConfigurationList section */
	};
	rootObject = FDC5FAA32445B95C000FEBD7 /* Project object */;
}
